uuid: c3b1ac0d-5f01-41e5-b42f-5ceb849cd5c5
langcode: pt-br
status: true
dependencies:
  config:
    - field.storage.paragraph.field_block
    - paragraphs.paragraphs_type.blocks
  module:
    - block_field
id: paragraph.blocks.field_block
field_name: field_block
entity_type: paragraph
bundle: blocks
label: Block
description: ''
required: false
translatable: false
default_value: {  }
default_value_callback: ''
settings:
  selection: blocks
  selection_settings:
    plugin_ids:
      'block_content:af7b1516-4650-4a68-bc36-4b10f1b312b9': 'block_content:af7b1516-4650-4a68-bc36-4b10f1b312b9'
      'block_content:5d467118-2c7c-45ed-900e-d8b9118e9778': 'block_content:5d467118-2c7c-45ed-900e-d8b9118e9778'
      'block_content:f1727d0f-2811-4103-a1bd-92d4a1e2add5': 'block_content:f1727d0f-2811-4103-a1bd-92d4a1e2add5'
      'block_content:9640268c-48d9-4b39-8728-ceaad52e6256': 'block_content:9640268c-48d9-4b39-8728-ceaad52e6256'
      'block_content:d4888675-2fcd-4d18-9477-007b90c663fe': 'block_content:d4888675-2fcd-4d18-9477-007b90c663fe'
      'block_content:2fa5747c-f0f3-4e7b-b6a8-966880b7d4f7': 'block_content:2fa5747c-f0f3-4e7b-b6a8-966880b7d4f7'
field_type: block_field
